{
  "originHash" : "4fd2e50833e6c6c3505abb354c609f97bddec383f1ec92974e12dc12f30f85fe",
  "pins" : [
    {
      "identity" : "raylib-build",
      "kind" : "remoteSourceControl",
      "location" : "https://github.com/Lancelotbronner/raylib-build.git",
      "state" : {
        "revision" : "3efc4f33c5ff9fe81c37fbf04d727426d142ea23",
        "version" : "5.5.2"
      }
    },
    {
      "identity" : "swift-raylib",
      "kind" : "remoteSourceControl",
      "location" : "https://github.com/Lancelotbronner/swift-raylib",
      "state" : {
        "revision" : "4fb66ac3efbf14c653a9b65f825b63c8fb0dfdd2",
        "version" : "5.5.2"
      }
    }
  ],
  "version" : 3
}
